
Microsoft Visual Studio Solution File, Format Version 12.00
# Visual Studio Version 17
VisualStudioVersion = 17.13.35825.156
MinimumVisualStudioVersion = 10.0.40219.1
Project("{2150E333-8FDC-42A3-9474-1A3956D46DE8}") = "src", "src", "{02EA681E-C7D8-13C7-8484-4AC65E1B71E8}"
EndProject
Project("{2150E333-8FDC-42A3-9474-1A3956D46DE8}") = "ApiGetaways", "ApiGetaways", "{F292DC72-559B-40A7-A6B4-DA5E4F1A4479}"
EndProject
Project("{2150E333-8FDC-42A3-9474-1A3956D46DE8}") = "Microservices", "Microservices", "{75D3BF69-374A-4BE7-959E-BC9AB92F956D}"
EndProject
Project("{2150E333-8FDC-42A3-9474-1A3956D46DE8}") = "SharedModels", "SharedModels", "{F428D810-DFB7-404F-8C7C-A930B18E626B}"
EndProject
Project("{FAE04EC0-301F-11D3-BF4B-00C04F79EFBC}") = "ApiGetaway", "ApiGetaway\ApiGetaway.csproj", "{B6DB9ACE-3247-4A99-A5D8-DA142D1BA0F2}"
EndProject
Project("{2150E333-8FDC-42A3-9474-1A3956D46DE8}") = "LoginRegisterMicroservice", "LoginRegisterMicroservice", "{2A9CA88D-6BB8-458A-8A30-DEF6D0DB5185}"
EndProject
Project("{FAE04EC0-301F-11D3-BF4B-00C04F79EFBC}") = "SharedModels", "SharedModels\SharedModels.csproj", "{A28506E1-2FBE-4574-BC66-AA757BA302DA}"
EndProject
Project("{FAE04EC0-301F-11D3-BF4B-00C04F79EFBC}") = "LoginRegisterMicroservice", "LoginRegisterMicroservice\LoginRegisterMicroservice.csproj", "{86881B9A-1DA4-4919-8394-635CD35012A9}"
EndProject
Project("{E53339B2-1760-4266-BCC7-CA923CBCF16C}") = "docker-compose", "docker-compose.dcproj", "{81DDED9D-158B-E303-5F62-77A2896D2A5A}"
EndProject
Global
	GlobalSection(SolutionConfigurationPlatforms) = preSolution
		Debug|Any CPU = Debug|Any CPU
		Release|Any CPU = Release|Any CPU
	EndGlobalSection
	GlobalSection(ProjectConfigurationPlatforms) = postSolution
		{B6DB9ACE-3247-4A99-A5D8-DA142D1BA0F2}.Debug|Any CPU.ActiveCfg = Debug|Any CPU
		{B6DB9ACE-3247-4A99-A5D8-DA142D1BA0F2}.Debug|Any CPU.Build.0 = Debug|Any CPU
		{B6DB9ACE-3247-4A99-A5D8-DA142D1BA0F2}.Release|Any CPU.ActiveCfg = Release|Any CPU
		{B6DB9ACE-3247-4A99-A5D8-DA142D1BA0F2}.Release|Any CPU.Build.0 = Release|Any CPU
		{A28506E1-2FBE-4574-BC66-AA757BA302DA}.Debug|Any CPU.ActiveCfg = Debug|Any CPU
		{A28506E1-2FBE-4574-BC66-AA757BA302DA}.Debug|Any CPU.Build.0 = Debug|Any CPU
		{A28506E1-2FBE-4574-BC66-AA757BA302DA}.Release|Any CPU.ActiveCfg = Release|Any CPU
		{A28506E1-2FBE-4574-BC66-AA757BA302DA}.Release|Any CPU.Build.0 = Release|Any CPU
		{86881B9A-1DA4-4919-8394-635CD35012A9}.Debug|Any CPU.ActiveCfg = Debug|Any CPU
		{86881B9A-1DA4-4919-8394-635CD35012A9}.Debug|Any CPU.Build.0 = Debug|Any CPU
		{86881B9A-1DA4-4919-8394-635CD35012A9}.Release|Any CPU.ActiveCfg = Release|Any CPU
		{86881B9A-1DA4-4919-8394-635CD35012A9}.Release|Any CPU.Build.0 = Release|Any CPU
		{81DDED9D-158B-E303-5F62-77A2896D2A5A}.Debug|Any CPU.ActiveCfg = Debug|Any CPU
		{81DDED9D-158B-E303-5F62-77A2896D2A5A}.Debug|Any CPU.Build.0 = Debug|Any CPU
		{81DDED9D-158B-E303-5F62-77A2896D2A5A}.Release|Any CPU.ActiveCfg = Release|Any CPU
		{81DDED9D-158B-E303-5F62-77A2896D2A5A}.Release|Any CPU.Build.0 = Release|Any CPU
	EndGlobalSection
	GlobalSection(SolutionProperties) = preSolution
		HideSolutionNode = FALSE
	EndGlobalSection
	GlobalSection(NestedProjects) = preSolution
		{F292DC72-559B-40A7-A6B4-DA5E4F1A4479} = {02EA681E-C7D8-13C7-8484-4AC65E1B71E8}
		{75D3BF69-374A-4BE7-959E-BC9AB92F956D} = {02EA681E-C7D8-13C7-8484-4AC65E1B71E8}
		{F428D810-DFB7-404F-8C7C-A930B18E626B} = {02EA681E-C7D8-13C7-8484-4AC65E1B71E8}
		{B6DB9ACE-3247-4A99-A5D8-DA142D1BA0F2} = {F292DC72-559B-40A7-A6B4-DA5E4F1A4479}
		{2A9CA88D-6BB8-458A-8A30-DEF6D0DB5185} = {75D3BF69-374A-4BE7-959E-BC9AB92F956D}
		{A28506E1-2FBE-4574-BC66-AA757BA302DA} = {F428D810-DFB7-404F-8C7C-A930B18E626B}
		{86881B9A-1DA4-4919-8394-635CD35012A9} = {2A9CA88D-6BB8-458A-8A30-DEF6D0DB5185}
	EndGlobalSection
	GlobalSection(ExtensibilityGlobals) = postSolution
		SolutionGuid = {BC076A16-D80B-4E59-9AFA-F69670087591}
	EndGlobalSection
EndGlobal
